
Microsoft Visual Studio Solution File, Format Version 12.00
# Visual Studio Version 17
VisualStudioVersion = 17.9.34728.123
MinimumVisualStudioVersion = 10.0.40219.1
Project("{FAE04EC0-301F-11D3-BF4B-00C04F79EFBC}") = "eSiafApiN4", "eSiafApiN4.csproj", "{ED53E778-98F6-4FA7-AACB-B5F312F65C78}"
EndProject
Global
	GlobalSection(SolutionConfigurationPlatforms) = preSolution
		Debug|Any CPU = Debug|Any CPU
		Release|Any CPU = Release|Any CPU
	EndGlobalSection
	GlobalSection(ProjectConfigurationPlatforms) = postSolution
		{ED53E778-98F6-4FA7-AACB-B5F312F65C78}.Debug|Any CPU.ActiveCfg = Debug|Any CPU
		{ED53E778-98F6-4FA7-AACB-B5F312F65C78}.Debug|Any CPU.Build.0 = Debug|Any CPU
		{ED53E778-98F6-4FA7-AACB-B5F312F65C78}.Release|Any CPU.ActiveCfg = Release|Any CPU
		{ED53E778-98F6-4FA7-AACB-B5F312F65C78}.Release|Any CPU.Build.0 = Release|Any CPU
	EndGlobalSection
	GlobalSection(SolutionProperties) = preSolution
		HideSolutionNode = FALSE
	EndGlobalSection
	GlobalSection(ExtensibilityGlobals) = postSolution
		SolutionGuid = {5D5F968B-7107-4058-8F71-A46AD2A66A05}
	EndGlobalSection
EndGlobal
